
Microsoft Visual Studio Solution File, Format Version 12.00
# Visual Studio 15
Project("{FAE04EC0-301F-11D3-BF4B-00C04F79EFBC}") = "Assembly-CSharp", "Assembly-CSharp.csproj", "{B25E875C-310C-A641-11FC-8E0B91FD323B}"
EndProject
Project("{FAE04EC0-301F-11D3-BF4B-00C04F79EFBC}") = "Assembly-CSharp-Editor", "Assembly-CSharp-Editor.csproj", "{27DEC435-763C-B076-681B-BEEC6A3849EC}"
EndProject
Global
	GlobalSection(SolutionConfigurationPlatforms) = preSolution
		Debug|Any CPU = Debug|Any CPU
		Release|Any CPU = Release|Any CPU
	EndGlobalSection
	GlobalSection(ProjectConfigurationPlatforms) = postSolution
		{B25E875C-310C-A641-11FC-8E0B91FD323B}.Debug|Any CPU.ActiveCfg = Debug|Any CPU
		{B25E875C-310C-A641-11FC-8E0B91FD323B}.Debug|Any CPU.Build.0 = Debug|Any CPU
		{B25E875C-310C-A641-11FC-8E0B91FD323B}.Release|Any CPU.ActiveCfg = Release|Any CPU
		{B25E875C-310C-A641-11FC-8E0B91FD323B}.Release|Any CPU.Build.0 = Release|Any CPU
		{27DEC435-763C-B076-681B-BEEC6A3849EC}.Debug|Any CPU.ActiveCfg = Debug|Any CPU
		{27DEC435-763C-B076-681B-BEEC6A3849EC}.Debug|Any CPU.Build.0 = Debug|Any CPU
		{27DEC435-763C-B076-681B-BEEC6A3849EC}.Release|Any CPU.ActiveCfg = Release|Any CPU
		{27DEC435-763C-B076-681B-BEEC6A3849EC}.Release|Any CPU.Build.0 = Release|Any CPU
	EndGlobalSection
	GlobalSection(SolutionProperties) = preSolution
		HideSolutionNode = FALSE
	EndGlobalSection
EndGlobal
